
Microsoft Visual Studio Solution File, Format Version 12.00
# Visual Studio Version 16
VisualStudioVersion = 16.0.30804.86
MinimumVisualStudioVersion = 10.0.40219.1
Project("{FAE04EC0-301F-11D3-BF4B-00C04F79EFBC}") = "Azure-Repos-Project", "Azure-Repos-Project\Azure-Repos-Project.csproj", "{F149C3BE-343B-4177-A61F-6F6336F9DCE5}"
EndProject
Global
	GlobalSection(SolutionConfigurationPlatforms) = preSolution
		Debug|Any CPU = Debug|Any CPU
		Release|Any CPU = Release|Any CPU
	EndGlobalSection
	GlobalSection(ProjectConfigurationPlatforms) = postSolution
		{F149C3BE-343B-4177-A61F-6F6336F9DCE5}.Debug|Any CPU.ActiveCfg = Debug|Any CPU
		{F149C3BE-343B-4177-A61F-6F6336F9DCE5}.Debug|Any CPU.Build.0 = Debug|Any CPU
		{F149C3BE-343B-4177-A61F-6F6336F9DCE5}.Release|Any CPU.ActiveCfg = Release|Any CPU
		{F149C3BE-343B-4177-A61F-6F6336F9DCE5}.Release|Any CPU.Build.0 = Release|Any CPU
	EndGlobalSection
	GlobalSection(SolutionProperties) = preSolution
		HideSolutionNode = FALSE
	EndGlobalSection
	GlobalSection(ExtensibilityGlobals) = postSolution
		SolutionGuid = {ED36964B-8485-43C0-AD84-6A6B782D1912}
	EndGlobalSection
EndGlobal
